PODS:
  - MZRSoundManager (0.0.1):
    - MZRSoundManager/MZRSoundManager
    - MZRSoundManager/OctaveSounds
  - MZRSoundManager/MZRSoundManager (0.0.1)
  - MZRSoundManager/OctaveSounds (0.0.1)

DEPENDENCIES:
  - MZRSoundManager (from `..`)

EXTERNAL SOURCES:
  MZRSoundManager:
    :path: ..

SPEC CHECKSUMS:
  MZRSoundManager: 8f8f611d48a79e5089b9fc7b406f275d724b025b

COCOAPODS: 0.29.0
